
Microsoft Visual Studio Solution File, Format Version 12.00
# Visual Studio Version 16
VisualStudioVersion = 16.0.30503.244
MinimumVisualStudioVersion = 10.0.40219.1
Project("{FAE04EC0-301F-11D3-BF4B-00C04F79EFBC}") = "Laba_5", "Laba_5\Laba_5.csproj", "{02531630-E71D-4E6F-A0C3-82E56B4AF320}"
EndProject
Global
	GlobalSection(SolutionConfigurationPlatforms) = preSolution
		Debug|Any CPU = Debug|Any CPU
		Release|Any CPU = Release|Any CPU
	EndGlobalSection
	GlobalSection(ProjectConfigurationPlatforms) = postSolution
		{02531630-E71D-4E6F-A0C3-82E56B4AF320}.Debug|Any CPU.ActiveCfg = Debug|Any CPU
		{02531630-E71D-4E6F-A0C3-82E56B4AF320}.Debug|Any CPU.Build.0 = Debug|Any CPU
		{02531630-E71D-4E6F-A0C3-82E56B4AF320}.Release|Any CPU.ActiveCfg = Release|Any CPU
		{02531630-E71D-4E6F-A0C3-82E56B4AF320}.Release|Any CPU.Build.0 = Release|Any CPU
	EndGlobalSection
	GlobalSection(SolutionProperties) = preSolution
		HideSolutionNode = FALSE
	EndGlobalSection
	GlobalSection(ExtensibilityGlobals) = postSolution
		SolutionGuid = {C7B1E914-0CC2-4D20-BE39-0B578FFE0A8C}
	EndGlobalSection
EndGlobal
